
Microsoft Visual Studio Solution File, Format Version 12.00
Project("{FAE04EC0-301F-11D3-BF4B-00C04F79EFBC}") = "PackageCreator", "PackageCreator\PackageCreator.csproj", "{D0E2BA53-E88C-4D93-BE2E-4CBE802B2D51}"
EndProject
Global
	GlobalSection(SolutionConfigurationPlatforms) = preSolution
		Debug|Any CPU = Debug|Any CPU
		Release|Any CPU = Release|Any CPU
	EndGlobalSection
	GlobalSection(ProjectConfigurationPlatforms) = postSolution
		{D0E2BA53-E88C-4D93-BE2E-4CBE802B2D51}.Debug|Any CPU.ActiveCfg = Debug|Any CPU
		{D0E2BA53-E88C-4D93-BE2E-4CBE802B2D51}.Debug|Any CPU.Build.0 = Debug|Any CPU
		{D0E2BA53-E88C-4D93-BE2E-4CBE802B2D51}.Release|Any CPU.ActiveCfg = Release|Any CPU
		{D0E2BA53-E88C-4D93-BE2E-4CBE802B2D51}.Release|Any CPU.Build.0 = Release|Any CPU
	EndGlobalSection
EndGlobal
